
Microsoft Visual Studio Solution File, Format Version 12.00
# Visual Studio Version 17
VisualStudioVersion = 17.1.32210.238
MinimumVisualStudioVersion = 10.0.40219.1
Project("{FAE04EC0-301F-11D3-BF4B-00C04F79EFBC}") = "E-comm", "E-comm.csproj", "{D91FFB47-5574-4BD7-B9E5-12768B03414A}"
EndProject
Global
	GlobalSection(SolutionConfigurationPlatforms) = preSolution
		Debug|Any CPU = Debug|Any CPU
		Release|Any CPU = Release|Any CPU
	EndGlobalSection
	GlobalSection(ProjectConfigurationPlatforms) = postSolution
		{D91FFB47-5574-4BD7-B9E5-12768B03414A}.Debug|Any CPU.ActiveCfg = Debug|Any CPU
		{D91FFB47-5574-4BD7-B9E5-12768B03414A}.Debug|Any CPU.Build.0 = Debug|Any CPU
		{D91FFB47-5574-4BD7-B9E5-12768B03414A}.Release|Any CPU.ActiveCfg = Release|Any CPU
		{D91FFB47-5574-4BD7-B9E5-12768B03414A}.Release|Any CPU.Build.0 = Release|Any CPU
	EndGlobalSection
	GlobalSection(SolutionProperties) = preSolution
		HideSolutionNode = FALSE
	EndGlobalSection
	GlobalSection(ExtensibilityGlobals) = postSolution
		SolutionGuid = {1AEF102C-BF1C-4006-88C6-8548F65F24D3}
	EndGlobalSection
EndGlobal
